
Microsoft Visual Studio Solution File, Format Version 12.00
# Visual Studio 14
VisualStudioVersion = 14.0.25420.1
MinimumVisualStudioVersion = 10.0.40219.1
Project("{FAE04EC0-301F-11D3-BF4B-00C04F79EFBC}") = "Ticker501TeamProject3", "Ticker501TeamProject3\Ticker501TeamProject3.csproj", "{F9407608-DD43-4E3F-91F1-6DA797A63CD3}"
EndProject
Project("{F088123C-0E9E-452A-89E6-6BA2F21D5CAC}") = "Diagrams", "Diagrams\Diagrams.modelproj", "{465743BE-21DA-4D9F-97E9-C6DE7194D650}"
EndProject
Project("{FAE04EC0-301F-11D3-BF4B-00C04F79EFBC}") = "Class-Library-Rebuild", "Class-Library-Rebuild\Class-Library-Rebuild.csproj", "{AA61FA15-5ED1-4785-8F3F-BDFCDC29F414}"
EndProject
Project("{FAE04EC0-301F-11D3-BF4B-00C04F79EFBC}") = "MVCEventSystem", "MVCEventSystem\MVCEventSystem.csproj", "{A73E2F36-AB8D-4474-9C75-2AA12DE961DA}"
EndProject
Global
	GlobalSection(SolutionConfigurationPlatforms) = preSolution
		Debug|Any CPU = Debug|Any CPU
		Release|Any CPU = Release|Any CPU
	EndGlobalSection
	GlobalSection(ProjectConfigurationPlatforms) = postSolution
		{F9407608-DD43-4E3F-91F1-6DA797A63CD3}.Debug|Any CPU.ActiveCfg = Debug|Any CPU
		{F9407608-DD43-4E3F-91F1-6DA797A63CD3}.Debug|Any CPU.Build.0 = Debug|Any CPU
		{F9407608-DD43-4E3F-91F1-6DA797A63CD3}.Release|Any CPU.ActiveCfg = Release|Any CPU
		{F9407608-DD43-4E3F-91F1-6DA797A63CD3}.Release|Any CPU.Build.0 = Release|Any CPU
		{465743BE-21DA-4D9F-97E9-C6DE7194D650}.Debug|Any CPU.ActiveCfg = Debug|Any CPU
		{465743BE-21DA-4D9F-97E9-C6DE7194D650}.Debug|Any CPU.Build.0 = Debug|Any CPU
		{465743BE-21DA-4D9F-97E9-C6DE7194D650}.Release|Any CPU.ActiveCfg = Release|Any CPU
		{465743BE-21DA-4D9F-97E9-C6DE7194D650}.Release|Any CPU.Build.0 = Release|Any CPU
		{AA61FA15-5ED1-4785-8F3F-BDFCDC29F414}.Debug|Any CPU.ActiveCfg = Debug|Any CPU
		{AA61FA15-5ED1-4785-8F3F-BDFCDC29F414}.Debug|Any CPU.Build.0 = Debug|Any CPU
		{AA61FA15-5ED1-4785-8F3F-BDFCDC29F414}.Release|Any CPU.ActiveCfg = Release|Any CPU
		{AA61FA15-5ED1-4785-8F3F-BDFCDC29F414}.Release|Any CPU.Build.0 = Release|Any CPU
		{A73E2F36-AB8D-4474-9C75-2AA12DE961DA}.Debug|Any CPU.ActiveCfg = Debug|Any CPU
		{A73E2F36-AB8D-4474-9C75-2AA12DE961DA}.Debug|Any CPU.Build.0 = Debug|Any CPU
		{A73E2F36-AB8D-4474-9C75-2AA12DE961DA}.Release|Any CPU.ActiveCfg = Release|Any CPU
		{A73E2F36-AB8D-4474-9C75-2AA12DE961DA}.Release|Any CPU.Build.0 = Release|Any CPU
	EndGlobalSection
	GlobalSection(SolutionProperties) = preSolution
		HideSolutionNode = FALSE
	EndGlobalSection
EndGlobal
